
Microsoft Visual Studio Solution File, Format Version 12.00
# Visual Studio Version 17
VisualStudioVersion = 17.10.35013.160
MinimumVisualStudioVersion = 10.0.40219.1
Project("{8BC9CEB8-8B4A-11D0-8D11-00A0C91BC942}") = "VS22_NambaRaiki_2024T2", "VS22_NambaRaiki_2024T2\VS22_NambaRaiki_2024T2.vcxproj", "{74DA2DB7-11B3-48F4-A738-72B5E5BBDD3B}"
EndProject
Global
	GlobalSection(SolutionConfigurationPlatforms) = preSolution
		Debug|x64 = Debug|x64
		Release|x64 = Release|x64
	EndGlobalSection
	GlobalSection(ProjectConfigurationPlatforms) = postSolution
		{74DA2DB7-11B3-48F4-A738-72B5E5BBDD3B}.Debug|x64.ActiveCfg = Debug|x64
		{74DA2DB7-11B3-48F4-A738-72B5E5BBDD3B}.Debug|x64.Build.0 = Debug|x64
		{74DA2DB7-11B3-48F4-A738-72B5E5BBDD3B}.Release|x64.ActiveCfg = Release|x64
		{74DA2DB7-11B3-48F4-A738-72B5E5BBDD3B}.Release|x64.Build.0 = Release|x64
	EndGlobalSection
	GlobalSection(SolutionProperties) = preSolution
		HideSolutionNode = FALSE
	EndGlobalSection
	GlobalSection(ExtensibilityGlobals) = postSolution
		SolutionGuid = {A0AC199D-56B1-4259-8093-3524ED6AE4CE}
	EndGlobalSection
EndGlobal
